// !$*UTF8*$!
{
	archiveVersion = 1;
	classes = {
	};
	objectVersion = 56;
	objects = {

/* Begin PBXBuildFile section */
		C51133E89A8093ADD59C3FD7 /* Pods_ProjetoInvestimento.framework in Frameworks */ = {isa = PBXBuildFile; fileRef = B0C3001D054E2EAA7DB24871 /* Pods_ProjetoInvestimento.framework */; };
		CE1D3A9828F9E65400A9A036 /* AppDelegate.swift in Sources */ = {isa = PBXBuildFile; fileRef = CE1D3A9728F9E65400A9A036 /* AppDelegate.swift */; };
		CE1D3A9A28F9E65400A9A036 /* SceneDelegate.swift in Sources */ = {isa = PBXBuildFile; fileRef = CE1D3A9928F9E65400A9A036 /* SceneDelegate.swift */; };
		CE1D3A9C28F9E65400A9A036 /* HomeViewController.swift in Sources */ = {isa = PBXBuildFile; fileRef = CE1D3A9B28F9E65400A9A036 /* HomeViewController.swift */; };
		CE1D3AA128F9E66500A9A036 /* Assets.xcassets in Resources */ = {isa = PBXBuildFile; fileRef = CE1D3AA028F9E66500A9A036 /* Assets.xcassets */; };
		CE1D3AA428F9E66500A9A036 /* LaunchScreen.storyboard in Resources */ = {isa = PBXBuildFile; fileRef = CE1D3AA228F9E66500A9A036 /* LaunchScreen.storyboard */; };
		CE1D3AAF28FCCBFC00A9A036 /* ExchangeProfile.swift in Sources */ = {isa = PBXBuildFile; fileRef = CE1D3AAE28FCCBFC00A9A036 /* ExchangeProfile.swift */; };
		CE1D3AB528FCD2AE00A9A036 /* ExchangeProfileService.swift in Sources */ = {isa = PBXBuildFile; fileRef = CE1D3AB428FCD2AE00A9A036 /* ExchangeProfileService.swift */; };
		CE1D3AB728FCD3CB00A9A036 /* ProtocolService.swift in Sources */ = {isa = PBXBuildFile; fileRef = CE1D3AB628FCD3CB00A9A036 /* ProtocolService.swift */; };
		CE1D3ABA28FCDADF00A9A036 /* ExchangeViewModel.swift in Sources */ = {isa = PBXBuildFile; fileRef = CE1D3AB928FCDADF00A9A036 /* ExchangeViewModel.swift */; };
		CE1D3ABE28FCE0D100A9A036 /* ProtocolViewModel.swift in Sources */ = {isa = PBXBuildFile; fileRef = CE1D3ABD28FCE0D100A9A036 /* ProtocolViewModel.swift */; };
		CE26821628FDB7340030AC31 /* ExchangeHomeTableViewCellScreen.swift in Sources */ = {isa = PBXBuildFile; fileRef = CE26821528FDB7330030AC31 /* ExchangeHomeTableViewCellScreen.swift */; };
		CE26821828FDC0510030AC31 /* ExchangeTableViewCell.swift in Sources */ = {isa = PBXBuildFile; fileRef = CE26821728FDC0510030AC31 /* ExchangeTableViewCell.swift */; };
		CE26821B28FDC4690030AC31 /* HomeScreen.swift in Sources */ = {isa = PBXBuildFile; fileRef = CE26821A28FDC4690030AC31 /* HomeScreen.swift */; };
		CE26821D290184110030AC31 /* ExchangeScreen.swift in Sources */ = {isa = PBXBuildFile; fileRef = CE26821C290184110030AC31 /* ExchangeScreen.swift */; };
		CE471B74291D3DF7008BF2E1 /* ProjetoInvestimentoTests.swift in Sources */ = {isa = PBXBuildFile; fileRef = CE471B73291D3DF7008BF2E1 /* ProjetoInvestimentoTests.swift */; };
		CEB8CAF82901D62E00C4F7EE /* ExchangeViewController.swift in Sources */ = {isa = PBXBuildFile; fileRef = CEB8CAF72901D62E00C4F7EE /* ExchangeViewController.swift */; };
		CEB8CAFA290857EF00C4F7EE /* BuyAndSellScreen.swift in Sources */ = {isa = PBXBuildFile; fileRef = CEB8CAF9290857EF00C4F7EE /* BuyAndSellScreen.swift */; };
		CEB8CAFC2908599C00C4F7EE /* BuyAndSellViewController.swift in Sources */ = {isa = PBXBuildFile; fileRef = CEB8CAFB2908599C00C4F7EE /* BuyAndSellViewController.swift */; };
		CEB8CAFE290AECE300C4F7EE /* Exchange.swift in Sources */ = {isa = PBXBuildFile; fileRef = CEB8CAFD290AECE300C4F7EE /* Exchange.swift */; };
		CEB8CB00290C1F9D00C4F7EE /* Wallet.swift in Sources */ = {isa = PBXBuildFile; fileRef = CEB8CAFF290C1F9D00C4F7EE /* Wallet.swift */; };
/* End PBXBuildFile section */

/* Begin PBXContainerItemProxy section */
		CE471B75291D3DF7008BF2E1 /* PBXContainerItemProxy */ = {
			isa = PBXContainerItemProxy;
			containerPortal = CE1D3A8C28F9E65300A9A036 /* Project object */;
			proxyType = 1;
			remoteGlobalIDString = CE1D3A9328F9E65300A9A036;
			remoteInfo = ProjetoInvestimento;
		};
/* End PBXContainerItemProxy section */

/* Begin PBXFileReference section */
		1FA462AC3F38FB73589939C7 /* Pods-ProjetoInvestimento.release.xcconfig */ = {isa = PBXFileReference; includeInIndex = 1; lastKnownFileType = text.xcconfig; name = "Pods-ProjetoInvestimento.release.xcconfig"; path = "Target Support Files/Pods-ProjetoInvestimento/Pods-ProjetoInvestimento.release.xcconfig"; sourceTree = "<group>"; };
		A4B9CB144D20958B4362E51A /* Pods-ProjetoInvestimento.debug.xcconfig */ = {isa = PBXFileReference; includeInIndex = 1; lastKnownFileType = text.xcconfig; name = "Pods-ProjetoInvestimento.debug.xcconfig"; path = "Target Support Files/Pods-ProjetoInvestimento/Pods-ProjetoInvestimento.debug.xcconfig"; sourceTree = "<group>"; };
		B0C3001D054E2EAA7DB24871 /* Pods_ProjetoInvestimento.framework */ = {isa = PBXFileReference; explicitFileType = wrapper.framework; includeInIndex = 0; path = Pods_ProjetoInvestimento.framework; sourceTree = BUILT_PRODUCTS_DIR; };
		CE1D3A9428F9E65400A9A036 /* ProjetoInvestimento.app */ = {isa = PBXFileReference; explicitFileType = wrapper.application; includeInIndex = 0; path = ProjetoInvestimento.app; sourceTree = BUILT_PRODUCTS_DIR; };
		CE1D3A9728F9E65400A9A036 /* AppDelegate.swift */ = {isa = PBXFileReference; lastKnownFileType = sourcecode.swift; path = AppDelegate.swift; sourceTree = "<group>"; };
		CE1D3A9928F9E65400A9A036 /* SceneDelegate.swift */ = {isa = PBXFileReference; lastKnownFileType = sourcecode.swift; path = SceneDelegate.swift; sourceTree = "<group>"; };
		CE1D3A9B28F9E65400A9A036 /* HomeViewController.swift */ = {isa = PBXFileReference; lastKnownFileType = sourcecode.swift; path = HomeViewController.swift; sourceTree = "<group>"; };
		CE1D3AA028F9E66500A9A036 /* Assets.xcassets */ = {isa = PBXFileReference; lastKnownFileType = folder.assetcatalog; path = Assets.xcassets; sourceTree = "<group>"; };
		CE1D3AA328F9E66500A9A036 /* Base */ = {isa = PBXFileReference; lastKnownFileType = file.storyboard; name = Base; path = Base.lproj/LaunchScreen.storyboard; sourceTree = "<group>"; };
		CE1D3AA528F9E66500A9A036 /* Info.plist */ = {isa = PBXFileReference; lastKnownFileType = text.plist.xml; path = Info.plist; sourceTree = "<group>"; };
		CE1D3AAE28FCCBFC00A9A036 /* ExchangeProfile.swift */ = {isa = PBXFileReference; lastKnownFileType = sourcecode.swift; path = ExchangeProfile.swift; sourceTree = "<group>"; };
		CE1D3AB428FCD2AE00A9A036 /* ExchangeProfileService.swift */ = {isa = PBXFileReference; lastKnownFileType = sourcecode.swift; path = ExchangeProfileService.swift; sourceTree = "<group>"; };
		CE1D3AB628FCD3CB00A9A036 /* ProtocolService.swift */ = {isa = PBXFileReference; lastKnownFileType = sourcecode.swift; path = ProtocolService.swift; sourceTree = "<group>"; };
		CE1D3AB928FCDADF00A9A036 /* ExchangeViewModel.swift */ = {isa = PBXFileReference; lastKnownFileType = sourcecode.swift; path = ExchangeViewModel.swift; sourceTree = "<group>"; };
		CE1D3ABD28FCE0D100A9A036 /* ProtocolViewModel.swift */ = {isa = PBXFileReference; lastKnownFileType = sourcecode.swift; path = ProtocolViewModel.swift; sourceTree = "<group>"; };
		CE26821528FDB7330030AC31 /* ExchangeHomeTableViewCellScreen.swift */ = {isa = PBXFileReference; lastKnownFileType = sourcecode.swift; path = ExchangeHomeTableViewCellScreen.swift; sourceTree = "<group>"; };
		CE26821728FDC0510030AC31 /* ExchangeTableViewCell.swift */ = {isa = PBXFileReference; lastKnownFileType = sourcecode.swift; path = ExchangeTableViewCell.swift; sourceTree = "<group>"; };
		CE26821A28FDC4690030AC31 /* HomeScreen.swift */ = {isa = PBXFileReference; lastKnownFileType = sourcecode.swift; path = HomeScreen.swift; sourceTree = "<group>"; };
		CE26821C290184110030AC31 /* ExchangeScreen.swift */ = {isa = PBXFileReference; lastKnownFileType = sourcecode.swift; path = ExchangeScreen.swift; sourceTree = "<group>"; };
		CE471B71291D3DF7008BF2E1 /* ProjetoInvestimentoTests.xctest */ = {isa = PBXFileReference; explicitFileType = wrapper.cfbundle; includeInIndex = 0; path = ProjetoInvestimentoTests.xctest; sourceTree = BUILT_PRODUCTS_DIR; };
		CE471B73291D3DF7008BF2E1 /* ProjetoInvestimentoTests.swift */ = {isa = PBXFileReference; lastKnownFileType = sourcecode.swift; path = ProjetoInvestimentoTests.swift; sourceTree = "<group>"; };
		CEB8CAF72901D62E00C4F7EE /* ExchangeViewController.swift */ = {isa = PBXFileReference; lastKnownFileType = sourcecode.swift; path = ExchangeViewController.swift; sourceTree = "<group>"; };
		CEB8CAF9290857EF00C4F7EE /* BuyAndSellScreen.swift */ = {isa = PBXFileReference; lastKnownFileType = sourcecode.swift; path = BuyAndSellScreen.swift; sourceTree = "<group>"; };
		CEB8CAFB2908599C00C4F7EE /* BuyAndSellViewController.swift */ = {isa = PBXFileReference; lastKnownFileType = sourcecode.swift; path = BuyAndSellViewController.swift; sourceTree = "<group>"; };
		CEB8CAFD290AECE300C4F7EE /* Exchange.swift */ = {isa = PBXFileReference; lastKnownFileType = sourcecode.swift; path = Exchange.swift; sourceTree = "<group>"; };
		CEB8CAFF290C1F9D00C4F7EE /* Wallet.swift */ = {isa = PBXFileReference; lastKnownFileType = sourcecode.swift; path = Wallet.swift; sourceTree = "<group>"; };
/* End PBXFileReference section */

/* Begin PBXFrameworksBuildPhase section */
		CE1D3A9128F9E65300A9A036 /* Frameworks */ = {
			isa = PBXFrameworksBuildPhase;
			buildActionMask = 2147483647;
			files = (
				C51133E89A8093ADD59C3FD7 /* Pods_ProjetoInvestimento.framework in Frameworks */,
			);
			runOnlyForDeploymentPostprocessing = 0;
		};
		CE471B6E291D3DF7008BF2E1 /* Frameworks */ = {
			isa = PBXFrameworksBuildPhase;
			buildActionMask = 2147483647;
			files = (
			);
			runOnlyForDeploymentPostprocessing = 0;
		};
/* End PBXFrameworksBuildPhase section */

/* Begin PBXGroup section */
		1984C154F32590E5FE5604B3 /* Pods */ = {
			isa = PBXGroup;
			children = (
				A4B9CB144D20958B4362E51A /* Pods-ProjetoInvestimento.debug.xcconfig */,
				1FA462AC3F38FB73589939C7 /* Pods-ProjetoInvestimento.release.xcconfig */,
			);
			path = Pods;
			sourceTree = "<group>";
		};
		84FF634279A1913E8ED29933 /* Frameworks */ = {
			isa = PBXGroup;
			children = (
				B0C3001D054E2EAA7DB24871 /* Pods_ProjetoInvestimento.framework */,
			);
			name = Frameworks;
			sourceTree = "<group>";
		};
		CE1D3A8B28F9E65300A9A036 = {
			isa = PBXGroup;
			children = (
				CE1D3A9628F9E65400A9A036 /* ProjetoInvestimento */,
				CE1D3A9528F9E65400A9A036 /* Products */,
				1984C154F32590E5FE5604B3 /* Pods */,
				84FF634279A1913E8ED29933 /* Frameworks */,
			);
			sourceTree = "<group>";
		};
		CE1D3A9528F9E65400A9A036 /* Products */ = {
			isa = PBXGroup;
			children = (
				CE1D3A9428F9E65400A9A036 /* ProjetoInvestimento.app */,
				CE471B71291D3DF7008BF2E1 /* ProjetoInvestimentoTests.xctest */,
			);
			name = Products;
			sourceTree = "<group>";
		};
		CE1D3A9628F9E65400A9A036 /* ProjetoInvestimento */ = {
			isa = PBXGroup;
			children = (
				CE26821328FDB6C80030AC31 /* Screen */,
				CE1D3AB828FCDA7E00A9A036 /* ViewModel */,
				CE1D3AB328FCD28E00A9A036 /* Service */,
				CE1D3AAD28FCC98100A9A036 /* Model */,
				CE1D3AAC28FCC64B00A9A036 /* ViewController */,
				CE471B72291D3DF7008BF2E1 /* ProjetoInvestimentoTests */,
				CE1D3A9728F9E65400A9A036 /* AppDelegate.swift */,
				CE1D3A9928F9E65400A9A036 /* SceneDelegate.swift */,
				CE1D3AA028F9E66500A9A036 /* Assets.xcassets */,
				CE1D3AA228F9E66500A9A036 /* LaunchScreen.storyboard */,
				CE1D3AA528F9E66500A9A036 /* Info.plist */,
			);
			path = ProjetoInvestimento;
			sourceTree = "<group>";
		};
		CE1D3AAC28FCC64B00A9A036 /* ViewController */ = {
			isa = PBXGroup;
			children = (
				CE1D3A9B28F9E65400A9A036 /* HomeViewController.swift */,
				CEB8CAF72901D62E00C4F7EE /* ExchangeViewController.swift */,
				CEB8CAFB2908599C00C4F7EE /* BuyAndSellViewController.swift */,
			);
			path = ViewController;
			sourceTree = "<group>";
		};
		CE1D3AAD28FCC98100A9A036 /* Model */ = {
			isa = PBXGroup;
			children = (
				CE1D3AAE28FCCBFC00A9A036 /* ExchangeProfile.swift */,
				CEB8CAFD290AECE300C4F7EE /* Exchange.swift */,
				CEB8CAFF290C1F9D00C4F7EE /* Wallet.swift */,
			);
			path = Model;
			sourceTree = "<group>";
		};
		CE1D3AB328FCD28E00A9A036 /* Service */ = {
			isa = PBXGroup;
			children = (
				CE1D3AB428FCD2AE00A9A036 /* ExchangeProfileService.swift */,
				CE1D3AB628FCD3CB00A9A036 /* ProtocolService.swift */,
			);
			path = Service;
			sourceTree = "<group>";
		};
		CE1D3AB828FCDA7E00A9A036 /* ViewModel */ = {
			isa = PBXGroup;
			children = (
				CE1D3AB928FCDADF00A9A036 /* ExchangeViewModel.swift */,
				CE1D3ABD28FCE0D100A9A036 /* ProtocolViewModel.swift */,
			);
			path = ViewModel;
			sourceTree = "<group>";
		};
		CE26821328FDB6C80030AC31 /* Screen */ = {
			isa = PBXGroup;
			children = (
				CE26821A28FDC4690030AC31 /* HomeScreen.swift */,
				CE26821C290184110030AC31 /* ExchangeScreen.swift */,
				CEB8CAF9290857EF00C4F7EE /* BuyAndSellScreen.swift */,
				CE26821928FDC42F0030AC31 /* TableView */,
			);
			path = Screen;
			sourceTree = "<group>";
		};
		CE26821428FDB6EF0030AC31 /* Cell */ = {
			isa = PBXGroup;
			children = (
				CE26821528FDB7330030AC31 /* ExchangeHomeTableViewCellScreen.swift */,
			);
			path = Cell;
			sourceTree = "<group>";
		};
		CE26821928FDC42F0030AC31 /* TableView */ = {
			isa = PBXGroup;
			children = (
				CE26821728FDC0510030AC31 /* ExchangeTableViewCell.swift */,
				CE26821428FDB6EF0030AC31 /* Cell */,
			);
			path = TableView;
			sourceTree = "<group>";
		};
		CE471B72291D3DF7008BF2E1 /* ProjetoInvestimentoTests */ = {
			isa = PBXGroup;
			children = (
				CE471B73291D3DF7008BF2E1 /* ProjetoInvestimentoTests.swift */,
			);
			path = ProjetoInvestimentoTests;
			sourceTree = SOURCE_ROOT;
		};
/* End PBXGroup section */

/* Begin PBXNativeTarget section */
		CE1D3A9328F9E65300A9A036 /* ProjetoInvestimento */ = {
			isa = PBXNativeTarget;
			buildConfigurationList = CE1D3AA828F9E66500A9A036 /* Build configuration list for PBXNativeTarget "ProjetoInvestimento" */;
			buildPhases = (
				5A224176CC036DFA661453FF /* [CP] Check Pods Manifest.lock */,
				CE1D3A9028F9E65300A9A036 /* Sources */,
				CE1D3A9128F9E65300A9A036 /* Frameworks */,
				CE1D3A9228F9E65300A9A036 /* Resources */,
				B99B7B393B9F69649AB9DA66 /* [CP] Embed Pods Frameworks */,
			);
			buildRules = (
			);
			dependencies = (
			);
			name = ProjetoInvestimento;
			productName = ProjetoInvestimento;
			productReference = CE1D3A9428F9E65400A9A036 /* ProjetoInvestimento.app */;
			productType = "com.apple.product-type.application";
		};
		CE471B70291D3DF7008BF2E1 /* ProjetoInvestimentoTests */ = {
			isa = PBXNativeTarget;
			buildConfigurationList = CE471B77291D3DF7008BF2E1 /* Build configuration list for PBXNativeTarget "ProjetoInvestimentoTests" */;
			buildPhases = (
				CE471B6D291D3DF7008BF2E1 /* Sources */,
				CE471B6E291D3DF7008BF2E1 /* Frameworks */,
				CE471B6F291D3DF7008BF2E1 /* Resources */,
			);
			buildRules = (
			);
			dependencies = (
				CE471B76291D3DF7008BF2E1 /* PBXTargetDependency */,
			);
			name = ProjetoInvestimentoTests;
			productName = ProjetoInvestimentoTests;
			productReference = CE471B71291D3DF7008BF2E1 /* ProjetoInvestimentoTests.xctest */;
			productType = "com.apple.product-type.bundle.unit-test";
		};
/* End PBXNativeTarget section */

/* Begin PBXProject section */
		CE1D3A8C28F9E65300A9A036 /* Project object */ = {
			isa = PBXProject;
			attributes = {
				BuildIndependentTargetsInParallel = 1;
				LastSwiftUpdateCheck = 1400;
				LastUpgradeCheck = 1400;
				TargetAttributes = {
					CE1D3A9328F9E65300A9A036 = {
						CreatedOnToolsVersion = 14.0;
					};
					CE471B70291D3DF7008BF2E1 = {
						CreatedOnToolsVersion = 14.0;
						TestTargetID = CE1D3A9328F9E65300A9A036;
					};
				};
			};
			buildConfigurationList = CE1D3A8F28F9E65300A9A036 /* Build configuration list for PBXProject "ProjetoInvestimento" */;
			compatibilityVersion = "Xcode 14.0";
			developmentRegion = en;
			hasScannedForEncodings = 0;
			knownRegions = (
				en,
				Base,
			);
			mainGroup = CE1D3A8B28F9E65300A9A036;
			productRefGroup = CE1D3A9528F9E65400A9A036 /* Products */;
			projectDirPath = "";
			projectRoot = "";
			targets = (
				CE1D3A9328F9E65300A9A036 /* ProjetoInvestimento */,
				CE471B70291D3DF7008BF2E1 /* ProjetoInvestimentoTests */,
			);
		};
/* End PBXProject section */

/* Begin PBXResourcesBuildPhase section */
		CE1D3A9228F9E65300A9A036 /* Resources */ = {
			isa = PBXResourcesBuildPhase;
			buildActionMask = 2147483647;
			files = (
				CE1D3AA428F9E66500A9A036 /* LaunchScreen.storyboard in Resources */,
				CE1D3AA128F9E66500A9A036 /* Assets.xcassets in Resources */,
			);
			runOnlyForDeploymentPostprocessing = 0;
		};
		CE471B6F291D3DF7008BF2E1 /* Resources */ = {
			isa = PBXResourcesBuildPhase;
			buildActionMask = 2147483647;
			files = (
			);
			runOnlyForDeploymentPostprocessing = 0;
		};
/* End PBXResourcesBuildPhase section */

/* Begin PBXShellScriptBuildPhase section */
		5A224176CC036DFA661453FF /* [CP] Check Pods Manifest.lock */ = {
			isa = PBXShellScriptBuildPhase;
			buildActionMask = 2147483647;
			files = (
			);
			inputFileListPaths = (
			);
			inputPaths = (
				"${PODS_PODFILE_DIR_PATH}/Podfile.lock",
				"${PODS_ROOT}/Manifest.lock",
			);
			name = "[CP] Check Pods Manifest.lock";
			outputFileListPaths = (
			);
			outputPaths = (
				"$(DERIVED_FILE_DIR)/Pods-ProjetoInvestimento-checkManifestLockResult.txt",
			);
			runOnlyForDeploymentPostprocessing = 0;
			shellPath = /bin/sh;
			shellScript = "diff \"${PODS_PODFILE_DIR_PATH}/Podfile.lock\" \"${PODS_ROOT}/Manifest.lock\" > /dev/null\nif [ $? != 0 ] ; then\n    # print error to STDERR\n    echo \"error: The sandbox is not in sync with the Podfile.lock. Run 'pod install' or update your CocoaPods installation.\" >&2\n    exit 1\nfi\n# This output is used by Xcode 'outputs' to avoid re-running this script phase.\necho \"SUCCESS\" > \"${SCRIPT_OUTPUT_FILE_0}\"\n";
			showEnvVarsInLog = 0;
		};
		B99B7B393B9F69649AB9DA66 /* [CP] Embed Pods Frameworks */ = {
			isa = PBXShellScriptBuildPhase;
			buildActionMask = 2147483647;
			files = (
			);
			inputFileListPaths = (
				"${PODS_ROOT}/Target Support Files/Pods-ProjetoInvestimento/Pods-ProjetoInvestimento-frameworks-${CONFIGURATION}-input-files.xcfilelist",
			);
			name = "[CP] Embed Pods Frameworks";
			outputFileListPaths = (
				"${PODS_ROOT}/Target Support Files/Pods-ProjetoInvestimento/Pods-ProjetoInvestimento-frameworks-${CONFIGURATION}-output-files.xcfilelist",
			);
			runOnlyForDeploymentPostprocessing = 0;
			shellPath = /bin/sh;
			shellScript = "\"${PODS_ROOT}/Target Support Files/Pods-ProjetoInvestimento/Pods-ProjetoInvestimento-frameworks.sh\"\n";
			showEnvVarsInLog = 0;
		};
/* End PBXShellScriptBuildPhase section */

/* Begin PBXSourcesBuildPhase section */
		CE1D3A9028F9E65300A9A036 /* Sources */ = {
			isa = PBXSourcesBuildPhase;
			buildActionMask = 2147483647;
			files = (
				CEB8CAFA290857EF00C4F7EE /* BuyAndSellScreen.swift in Sources */,
				CE1D3AAF28FCCBFC00A9A036 /* ExchangeProfile.swift in Sources */,
				CE26821828FDC0510030AC31 /* ExchangeTableViewCell.swift in Sources */,
				CEB8CAFC2908599C00C4F7EE /* BuyAndSellViewController.swift in Sources */,
				CE1D3ABA28FCDADF00A9A036 /* ExchangeViewModel.swift in Sources */,
				CE26821D290184110030AC31 /* ExchangeScreen.swift in Sources */,
				CE1D3ABE28FCE0D100A9A036 /* ProtocolViewModel.swift in Sources */,
				CE1D3A9C28F9E65400A9A036 /* HomeViewController.swift in Sources */,
				CE1D3A9828F9E65400A9A036 /* AppDelegate.swift in Sources */,
				CEB8CAF82901D62E00C4F7EE /* ExchangeViewController.swift in Sources */,
				CE26821628FDB7340030AC31 /* ExchangeHomeTableViewCellScreen.swift in Sources */,
				CE1D3A9A28F9E65400A9A036 /* SceneDelegate.swift in Sources */,
				CEB8CAFE290AECE300C4F7EE /* Exchange.swift in Sources */,
				CE26821B28FDC4690030AC31 /* HomeScreen.swift in Sources */,
				CE1D3AB528FCD2AE00A9A036 /* ExchangeProfileService.swift in Sources */,
				CEB8CB00290C1F9D00C4F7EE /* Wallet.swift in Sources */,
				CE1D3AB728FCD3CB00A9A036 /* ProtocolService.swift in Sources */,
			);
			runOnlyForDeploymentPostprocessing = 0;
		};
		CE471B6D291D3DF7008BF2E1 /* Sources */ = {
			isa = PBXSourcesBuildPhase;
			buildActionMask = 2147483647;
			files = (
				CE471B74291D3DF7008BF2E1 /* ProjetoInvestimentoTests.swift in Sources */,
			);
			runOnlyForDeploymentPostprocessing = 0;
		};
/* End PBXSourcesBuildPhase section */

/* Begin PBXTargetDependency section */
		CE471B76291D3DF7008BF2E1 /* PBXTargetDependency */ = {
			isa = PBXTargetDependency;
			target = CE1D3A9328F9E65300A9A036 /* ProjetoInvestimento */;
			targetProxy = CE471B75291D3DF7008BF2E1 /* PBXContainerItemProxy */;
		};
/* End PBXTargetDependency section */

/* Begin PBXVariantGroup section */
		CE1D3AA228F9E66500A9A036 /* LaunchScreen.storyboard */ = {
			isa = PBXVariantGroup;
			children = (
				CE1D3AA328F9E66500A9A036 /* Base */,
			);
			name = LaunchScreen.storyboard;
			sourceTree = "<group>";
		};
/* End PBXVariantGroup section */

/* Begin XCBuildConfiguration section */
		CE1D3AA628F9E66500A9A036 /* Debug */ = {
			isa = XCBuildConfiguration;
			buildSettings = {
				ALWAYS_SEARCH_USER_PATHS = NO;
				CLANG_ANALYZER_NONNULL = YES;
				CLANG_ANALYZER_NUMBER_OBJECT_CONVERSION = YES_AGGRESSIVE;
				CLANG_CXX_LANGUAGE_STANDARD = "gnu++20";
				CLANG_ENABLE_MODULES = YES;
				CLANG_ENABLE_OBJC_ARC = YES;
				CLANG_ENABLE_OBJC_WEAK = YES;
				CLANG_WARN_BLOCK_CAPTURE_AUTORELEASING = YES;
				CLANG_WARN_BOOL_CONVERSION = YES;
				CLANG_WARN_COMMA = YES;
				CLANG_WARN_CONSTANT_CONVERSION = YES;
				CLANG_WARN_DEPRECATED_OBJC_IMPLEMENTATIONS = YES;
				CLANG_WARN_DIRECT_OBJC_ISA_USAGE = YES_ERROR;
				CLANG_WARN_DOCUMENTATION_COMMENTS = YES;
				CLANG_WARN_EMPTY_BODY = YES;
				CLANG_WARN_ENUM_CONVERSION = YES;
				CLANG_WARN_INFINITE_RECURSION = YES;
				CLANG_WARN_INT_CONVERSION = YES;
				CLANG_WARN_NON_LITERAL_NULL_CONVERSION = YES;
				CLANG_WARN_OBJC_IMPLICIT_RETAIN_SELF = YES;
				CLANG_WARN_OBJC_LITERAL_CONVERSION = YES;
				CLANG_WARN_OBJC_ROOT_CLASS = YES_ERROR;
				CLANG_WARN_QUOTED_INCLUDE_IN_FRAMEWORK_HEADER = YES;
				CLANG_WARN_RANGE_LOOP_ANALYSIS = YES;
				CLANG_WARN_STRICT_PROTOTYPES = YES;
				CLANG_WARN_SUSPICIOUS_MOVE = YES;
				CLANG_WARN_UNGUARDED_AVAILABILITY = YES_AGGRESSIVE;
				CLANG_WARN_UNREACHABLE_CODE = YES;
				CLANG_WARN__DUPLICATE_METHOD_MATCH = YES;
				COPY_PHASE_STRIP = NO;
				DEBUG_INFORMATION_FORMAT = dwarf;
				ENABLE_STRICT_OBJC_MSGSEND = YES;
				ENABLE_TESTABILITY = YES;
				GCC_C_LANGUAGE_STANDARD = gnu11;
				GCC_DYNAMIC_NO_PIC = NO;
				GCC_NO_COMMON_BLOCKS = YES;
				GCC_OPTIMIZATION_LEVEL = 0;
				GCC_PREPROCESSOR_DEFINITIONS = (
					"DEBUG=1",
					"$(inherited)",
				);
				GCC_WARN_64_TO_32_BIT_CONVERSION = YES;
				GCC_WARN_ABOUT_RETURN_TYPE = YES_ERROR;
				GCC_WARN_UNDECLARED_SELECTOR = YES;
				GCC_WARN_UNINITIALIZED_AUTOS = YES_AGGRESSIVE;
				GCC_WARN_UNUSED_FUNCTION = YES;
				GCC_WARN_UNUSED_VARIABLE = YES;
				IPHONEOS_DEPLOYMENT_TARGET = 16.0;
				MTL_ENABLE_DEBUG_INFO = INCLUDE_SOURCE;
				MTL_FAST_MATH = YES;
				ONLY_ACTIVE_ARCH = YES;
				SDKROOT = iphoneos;
				SWIFT_ACTIVE_COMPILATION_CONDITIONS = DEBUG;
				SWIFT_OPTIMIZATION_LEVEL = "-Onone";
			};
			name = Debug;
		};
		CE1D3AA728F9E66500A9A036 /* Release */ = {
			isa = XCBuildConfiguration;
			buildSettings = {
				ALWAYS_SEARCH_USER_PATHS = NO;
				CLANG_ANALYZER_NONNULL = YES;
				CLANG_ANALYZER_NUMBER_OBJECT_CONVERSION = YES_AGGRESSIVE;
				CLANG_CXX_LANGUAGE_STANDARD = "gnu++20";
				CLANG_ENABLE_MODULES = YES;
				CLANG_ENABLE_OBJC_ARC = YES;
				CLANG_ENABLE_OBJC_WEAK = YES;
				CLANG_WARN_BLOCK_CAPTURE_AUTORELEASING = YES;
				CLANG_WARN_BOOL_CONVERSION = YES;
				CLANG_WARN_COMMA = YES;
				CLANG_WARN_CONSTANT_CONVERSION = YES;
				CLANG_WARN_DEPRECATED_OBJC_IMPLEMENTATIONS = YES;
				CLANG_WARN_DIRECT_OBJC_ISA_USAGE = YES_ERROR;
				CLANG_WARN_DOCUMENTATION_COMMENTS = YES;
				CLANG_WARN_EMPTY_BODY = YES;
				CLANG_WARN_ENUM_CONVERSION = YES;
				CLANG_WARN_INFINITE_RECURSION = YES;
				CLANG_WARN_INT_CONVERSION = YES;
				CLANG_WARN_NON_LITERAL_NULL_CONVERSION = YES;
				CLANG_WARN_OBJC_IMPLICIT_RETAIN_SELF = YES;
				CLANG_WARN_OBJC_LITERAL_CONVERSION = YES;
				CLANG_WARN_OBJC_ROOT_CLASS = YES_ERROR;
				CLANG_WARN_QUOTED_INCLUDE_IN_FRAMEWORK_HEADER = YES;
				CLANG_WARN_RANGE_LOOP_ANALYSIS = YES;
				CLANG_WARN_STRICT_PROTOTYPES = YES;
				CLANG_WARN_SUSPICIOUS_MOVE = YES;
				CLANG_WARN_UNGUARDED_AVAILABILITY = YES_AGGRESSIVE;
				CLANG_WARN_UNREACHABLE_CODE = YES;
				CLANG_WARN__DUPLICATE_METHOD_MATCH = YES;
				COPY_PHASE_STRIP = NO;
				DEBUG_INFORMATION_FORMAT = "dwarf-with-dsym";
				ENABLE_NS_ASSERTIONS = NO;
				ENABLE_STRICT_OBJC_MSGSEND = YES;
				GCC_C_LANGUAGE_STANDARD = gnu11;
				GCC_NO_COMMON_BLOCKS = YES;
				GCC_WARN_64_TO_32_BIT_CONVERSION = YES;
				GCC_WARN_ABOUT_RETURN_TYPE = YES_ERROR;
				GCC_WARN_UNDECLARED_SELECTOR = YES;
				GCC_WARN_UNINITIALIZED_AUTOS = YES_AGGRESSIVE;
				GCC_WARN_UNUSED_FUNCTION = YES;
				GCC_WARN_UNUSED_VARIABLE = YES;
				IPHONEOS_DEPLOYMENT_TARGET = 16.0;
				MTL_ENABLE_DEBUG_INFO = NO;
				MTL_FAST_MATH = YES;
				SDKROOT = iphoneos;
				SWIFT_COMPILATION_MODE = wholemodule;
				SWIFT_OPTIMIZATION_LEVEL = "-O";
				VALIDATE_PRODUCT = YES;
			};
			name = Release;
		};
		CE1D3AA928F9E66500A9A036 /* Debug */ = {
			isa = XCBuildConfiguration;
			baseConfigurationReference = A4B9CB144D20958B4362E51A /* Pods-ProjetoInvestimento.debug.xcconfig */;
			buildSettings = {
				ASSETCATALOG_COMPILER_APPICON_NAME = AppIcon;
				ASSETCATALOG_COMPILER_GLOBAL_ACCENT_COLOR_NAME = AccentColor;
				CODE_SIGN_STYLE = Automatic;
				CURRENT_PROJECT_VERSION = 1;
				DEVELOPMENT_TEAM = 4LX4BNQ2P7;
				GENERATE_INFOPLIST_FILE = YES;
				INFOPLIST_FILE = ProjetoInvestimento/Info.plist;
				INFOPLIST_KEY_UIApplicationSupportsIndirectInputEvents = YES;
				INFOPLIST_KEY_UILaunchStoryboardName = LaunchScreen;
				INFOPLIST_KEY_UIMainStoryboardFile = "";
				INFOPLIST_KEY_UISupportedInterfaceOrientations_iPad = "UIInterfaceOrientationPortrait UIInterfaceOrientationPortraitUpsideDown UIInterfaceOrientationLandscapeLeft UIInterfaceOrientationLandscapeRight";
				INFOPLIST_KEY_UISupportedInterfaceOrientations_iPhone = "UIInterfaceOrientationPortrait UIInterfaceOrientationLandscapeLeft UIInterfaceOrientationLandscapeRight";
				LD_RUNPATH_SEARCH_PATHS = (
					"$(inherited)",
					"@executable_path/Frameworks",
				);
				MARKETING_VERSION = 1.0;
				PRODUCT_BUNDLE_IDENTIFIER = com.shigeru.ProjetoInvestimento;
				PRODUCT_NAME = "$(TARGET_NAME)";
				SWIFT_EMIT_LOC_STRINGS = YES;
				SWIFT_VERSION = 5.0;
				TARGETED_DEVICE_FAMILY = "1,2";
			};
			name = Debug;
		};
		CE1D3AAA28F9E66500A9A036 /* Release */ = {
			isa = XCBuildConfiguration;
			baseConfigurationReference = 1FA462AC3F38FB73589939C7 /* Pods-ProjetoInvestimento.release.xcconfig */;
			buildSettings = {
				ASSETCATALOG_COMPILER_APPICON_NAME = AppIcon;
				ASSETCATALOG_COMPILER_GLOBAL_ACCENT_COLOR_NAME = AccentColor;
				CODE_SIGN_STYLE = Automatic;
				CURRENT_PROJECT_VERSION = 1;
				DEVELOPMENT_TEAM = 4LX4BNQ2P7;
				ENABLE_TESTABILITY = NO;
				GENERATE_INFOPLIST_FILE = YES;
				INFOPLIST_FILE = ProjetoInvestimento/Info.plist;
				INFOPLIST_KEY_UIApplicationSupportsIndirectInputEvents = YES;
				INFOPLIST_KEY_UILaunchStoryboardName = LaunchScreen;
				INFOPLIST_KEY_UIMainStoryboardFile = "";
				INFOPLIST_KEY_UISupportedInterfaceOrientations_iPad = "UIInterfaceOrientationPortrait UIInterfaceOrientationPortraitUpsideDown UIInterfaceOrientationLandscapeLeft UIInterfaceOrientationLandscapeRight";
				INFOPLIST_KEY_UISupportedInterfaceOrientations_iPhone = "UIInterfaceOrientationPortrait UIInterfaceOrientationLandscapeLeft UIInterfaceOrientationLandscapeRight";
				LD_RUNPATH_SEARCH_PATHS = (
					"$(inherited)",
					"@executable_path/Frameworks",
				);
				MARKETING_VERSION = 1.0;
				PRODUCT_BUNDLE_IDENTIFIER = com.shigeru.ProjetoInvestimento;
				PRODUCT_NAME = "$(TARGET_NAME)";
				SWIFT_EMIT_LOC_STRINGS = YES;
				SWIFT_VERSION = 5.0;
				TARGETED_DEVICE_FAMILY = "1,2";
			};
			name = Release;
		};
		CE471B78291D3DF7008BF2E1 /* Debug */ = {
			isa = XCBuildConfiguration;
			buildSettings = {
				BUNDLE_LOADER = "$(TEST_HOST)";
				CODE_SIGN_STYLE = Automatic;
				CURRENT_PROJECT_VERSION = 1;
				DEVELOPMENT_TEAM = 4LX4BNQ2P7;
				GENERATE_INFOPLIST_FILE = YES;
				IPHONEOS_DEPLOYMENT_TARGET = 16.0;
				MACOSX_DEPLOYMENT_TARGET = 12.3;
				MARKETING_VERSION = 1.0;
				PRODUCT_BUNDLE_IDENTIFIER = com.shigeru.ProjetoInvestimentoTests;
				PRODUCT_NAME = "$(TARGET_NAME)";
				SDKROOT = auto;
				SUPPORTED_PLATFORMS = "iphoneos iphonesimulator macosx";
				SWIFT_EMIT_LOC_STRINGS = NO;
				SWIFT_VERSION = 5.0;
				TARGETED_DEVICE_FAMILY = "1,2";
				TEST_HOST = "$(BUILT_PRODUCTS_DIR)/ProjetoInvestimento.app/$(BUNDLE_EXECUTABLE_FOLDER_PATH)/ProjetoInvestimento";
			};
			name = Debug;
		};
		CE471B79291D3DF7008BF2E1 /* Release */ = {
			isa = XCBuildConfiguration;
			buildSettings = {
				BUNDLE_LOADER = "$(TEST_HOST)";
				CODE_SIGN_STYLE = Automatic;
				CURRENT_PROJECT_VERSION = 1;
				DEVELOPMENT_TEAM = 4LX4BNQ2P7;
				GENERATE_INFOPLIST_FILE = YES;
				IPHONEOS_DEPLOYMENT_TARGET = 16.0;
				MACOSX_DEPLOYMENT_TARGET = 12.3;
				MARKETING_VERSION = 1.0;
				PRODUCT_BUNDLE_IDENTIFIER = com.shigeru.ProjetoInvestimentoTests;
				PRODUCT_NAME = "$(TARGET_NAME)";
				SDKROOT = auto;
				SUPPORTED_PLATFORMS = "iphoneos iphonesimulator macosx";
				SWIFT_EMIT_LOC_STRINGS = NO;
				SWIFT_VERSION = 5.0;
				TARGETED_DEVICE_FAMILY = "1,2";
				TEST_HOST = "$(BUILT_PRODUCTS_DIR)/ProjetoInvestimento.app/$(BUNDLE_EXECUTABLE_FOLDER_PATH)/ProjetoInvestimento";
			};
			name = Release;
		};
/* End XCBuildConfiguration section */

/* Begin XCConfigurationList section */
		CE1D3A8F28F9E65300A9A036 /* Build configuration list for PBXProject "ProjetoInvestimento" */ = {
			isa = XCConfigurationList;
			buildConfigurations = (
				CE1D3AA628F9E66500A9A036 /* Debug */,
				CE1D3AA728F9E66500A9A036 /* Release */,
			);
			defaultConfigurationIsVisible = 0;
			defaultConfigurationName = Release;
		};
		CE1D3AA828F9E66500A9A036 /* Build configuration list for PBXNativeTarget "ProjetoInvestimento" */ = {
			isa = XCConfigurationList;
			buildConfigurations = (
				CE1D3AA928F9E66500A9A036 /* Debug */,
				CE1D3AAA28F9E66500A9A036 /* Release */,
			);
			defaultConfigurationIsVisible = 0;
			defaultConfigurationName = Release;
		};
		CE471B77291D3DF7008BF2E1 /* Build configuration list for PBXNativeTarget "ProjetoInvestimentoTests" */ = {
			isa = XCConfigurationList;
			buildConfigurations = (
				CE471B78291D3DF7008BF2E1 /* Debug */,
				CE471B79291D3DF7008BF2E1 /* Release */,
			);
			defaultConfigurationIsVisible = 0;
			defaultConfigurationName = Release;
		};
/* End XCConfigurationList section */
	};
	rootObject = CE1D3A8C28F9E65300A9A036 /* Project object */;
}
